<Solution>
  <Folder Name="/src/">
    <Project Path="src/Fabrica.CdkApp/Fabrica.CdkApp.csproj" />
    <Project Path="src/Fabrica.Cli/Fabrica.Cli.csproj" />
    <Project Path="src/Fabrica.Constructs/Fabrica.Constructs.csproj" />
    <Project Path="src/Fabrica.Operations/Fabrica.Operations.csproj" />
  </Folder>
  <Folder Name="/tests/">
    <Project Path="tests/Fabrica.Tests/Fabrica.Tests.csproj" />
  </Folder>
</Solution>
